version = 1
revision = 3
requires-python = ">=3.13"

[[package]]
name = "md2amb"
version = "0.1.0"
source = { virtual = "." }
dependencies = [
    { name = "pyfiglet" },
    { name = "pyphen" },
]

[package.metadata]
requires-dist = [
    { name = "pyfiglet", specifier = ">=0.8.0" },
    { name = "pyphen", specifier = ">=0.17.2" },
]

[[package]]
name = "pyfiglet"
version = "1.0.4"
source = { registry = "https://pypi.org/simple" }
sdist = { url = "https://files.pythonhosted.org/packages/c8/e3/0a86276ad2c383ce08d76110a8eec2fe22e7051c4b8ba3fa163a0b08c428/pyfiglet-1.0.4.tar.gz", hash = "sha256:db9c9940ed1bf3048deff534ed52ff2dafbbc2cd7610b17bb5eca1df6d4278ef", size = 1560615, upload-time = "2025-08-15T18:32:47.302Z" }
wheels = [
    { url = "https://files.pythonhosted.org/packages/9f/5c/fe9f95abd5eaedfa69f31e450f7e2768bef121dbdf25bcddee2cd3087a16/pyfiglet-1.0.4-py3-none-any.whl", hash = "sha256:65b57b7a8e1dff8a67dc8e940a117238661d5e14c3e49121032bd404d9b2b39f", size = 1806118, upload-time = "2025-08-15T18:32:45.556Z" },
]

[[package]]
name = "pyphen"
version = "0.17.2"
source = { registry = "https://pypi.org/simple" }
sdist = { url = "https://files.pythonhosted.org/packages/69/56/e4d7e1bd70d997713649c5ce530b2d15a5fc2245a74ca820fc2d51d89d4d/pyphen-0.17.2.tar.gz", hash = "sha256:f60647a9c9b30ec6c59910097af82bc5dd2d36576b918e44148d8b07ef3b4aa3", size = 2079470, upload-time = "2025-01-20T13:18:36.296Z" }
wheels = [
    { url = "https://files.pythonhosted.org/packages/7b/1f/c2142d2edf833a90728e5cdeb10bdbdc094dde8dbac078cee0cf33f5e11b/pyphen-0.17.2-py3-none-any.whl", hash = "sha256:3a07fb017cb2341e1d9ff31b8634efb1ae4dc4b130468c7c39dd3d32e7c3affd", size = 2079358, upload-time = "2025-01-20T13:18:29.629Z" },
]
